
Microsoft Visual Studio Solution File, Format Version 12.00
# Visual Studio 14
VisualStudioVersion = 14.0.25420.1
MinimumVisualStudioVersion = 10.0.40219.1
Project("{FAE04EC0-301F-11D3-BF4B-00C04F79EFBC}") = "StellarAddressGenerator", "StellarAddressGenerator\StellarAddressGenerator.csproj", "{CAC61E79-2B25-4627-A0F7-7C4C02E887BC}"
EndProject
Project("{2150E333-8FDC-42A3-9474-1A3956D46DE8}") = "Solution Items", "Solution Items", "{7DF409F3-FFB1-4857-ABF3-DAB41D83A121}"
	ProjectSection(SolutionItems) = preProject
		README.md = README.md
	EndProjectSection
EndProject
Global
	GlobalSection(SolutionConfigurationPlatforms) = preSolution
		Debug|Any CPU = Debug|Any CPU
		Release|Any CPU = Release|Any CPU
	EndGlobalSection
	GlobalSection(ProjectConfigurationPlatforms) = postSolution
		{CAC61E79-2B25-4627-A0F7-7C4C02E887BC}.Debug|Any CPU.ActiveCfg = Debug|Any CPU
		{CAC61E79-2B25-4627-A0F7-7C4C02E887BC}.Debug|Any CPU.Build.0 = Debug|Any CPU
		{CAC61E79-2B25-4627-A0F7-7C4C02E887BC}.Release|Any CPU.ActiveCfg = Release|Any CPU
		{CAC61E79-2B25-4627-A0F7-7C4C02E887BC}.Release|Any CPU.Build.0 = Release|Any CPU
	EndGlobalSection
	GlobalSection(SolutionProperties) = preSolution
		HideSolutionNode = FALSE
	EndGlobalSection
EndGlobal
